
Microsoft Visual Studio Solution File, Format Version 12.00
# Visual Studio Version 17
VisualStudioVersion = 17.14.36511.14
MinimumVisualStudioVersion = 10.0.40219.1
Project("{2150E333-8FDC-42A3-9474-1A3956D46DE8}") = "src", "src", "{02EA681E-C7D8-13C7-8484-4AC65E1B71E8}"
EndProject
Project("{FAE04EC0-301F-11D3-BF4B-00C04F79EFBC}") = "Voxia.Api", "src\Voxia.Api\Voxia.Api.csproj", "{AFF953BA-EDA1-4BCE-BFEA-A9838BB8E538}"
EndProject
Project("{FAE04EC0-301F-11D3-BF4B-00C04F79EFBC}") = "Voxia.Application", "src\Voxia.Application\Voxia.Application.csproj", "{6AC96A95-262F-4E3D-98E9-C16BBF7E5CFA}"
EndProject
Project("{FAE04EC0-301F-11D3-BF4B-00C04F79EFBC}") = "Voxia.Domain", "src\Voxia.Domain\Voxia.Domain.csproj", "{D5E4DAE2-4036-443D-9B97-11676C64EFD6}"
EndProject
Project("{FAE04EC0-301F-11D3-BF4B-00C04F79EFBC}") = "Voxia.Exception", "src\Voxia.Exception\Voxia.Exception.csproj", "{F49D369A-1CE3-4585-B2A5-4E02F22C0969}"
EndProject
Project("{FAE04EC0-301F-11D3-BF4B-00C04F79EFBC}") = "Voxia.Infrastructure", "src\Voxia.Infrastructure\Voxia.Infrastructure.csproj", "{1D2B8361-0900-4AEB-88A8-ABD5342978B2}"
EndProject
Global
	GlobalSection(SolutionConfigurationPlatforms) = preSolution
		Debug|Any CPU = Debug|Any CPU
		Release|Any CPU = Release|Any CPU
	EndGlobalSection
	GlobalSection(ProjectConfigurationPlatforms) = postSolution
		{AFF953BA-EDA1-4BCE-BFEA-A9838BB8E538}.Debug|Any CPU.ActiveCfg = Debug|Any CPU
		{AFF953BA-EDA1-4BCE-BFEA-A9838BB8E538}.Debug|Any CPU.Build.0 = Debug|Any CPU
		{AFF953BA-EDA1-4BCE-BFEA-A9838BB8E538}.Release|Any CPU.ActiveCfg = Release|Any CPU
		{AFF953BA-EDA1-4BCE-BFEA-A9838BB8E538}.Release|Any CPU.Build.0 = Release|Any CPU
		{6AC96A95-262F-4E3D-98E9-C16BBF7E5CFA}.Debug|Any CPU.ActiveCfg = Debug|Any CPU
		{6AC96A95-262F-4E3D-98E9-C16BBF7E5CFA}.Debug|Any CPU.Build.0 = Debug|Any CPU
		{6AC96A95-262F-4E3D-98E9-C16BBF7E5CFA}.Release|Any CPU.ActiveCfg = Release|Any CPU
		{6AC96A95-262F-4E3D-98E9-C16BBF7E5CFA}.Release|Any CPU.Build.0 = Release|Any CPU
		{D5E4DAE2-4036-443D-9B97-11676C64EFD6}.Debug|Any CPU.ActiveCfg = Debug|Any CPU
		{D5E4DAE2-4036-443D-9B97-11676C64EFD6}.Debug|Any CPU.Build.0 = Debug|Any CPU
		{D5E4DAE2-4036-443D-9B97-11676C64EFD6}.Release|Any CPU.ActiveCfg = Release|Any CPU
		{D5E4DAE2-4036-443D-9B97-11676C64EFD6}.Release|Any CPU.Build.0 = Release|Any CPU
		{F49D369A-1CE3-4585-B2A5-4E02F22C0969}.Debug|Any CPU.ActiveCfg = Debug|Any CPU
		{F49D369A-1CE3-4585-B2A5-4E02F22C0969}.Debug|Any CPU.Build.0 = Debug|Any CPU
		{F49D369A-1CE3-4585-B2A5-4E02F22C0969}.Release|Any CPU.ActiveCfg = Release|Any CPU
		{F49D369A-1CE3-4585-B2A5-4E02F22C0969}.Release|Any CPU.Build.0 = Release|Any CPU
		{1D2B8361-0900-4AEB-88A8-ABD5342978B2}.Debug|Any CPU.ActiveCfg = Debug|Any CPU
		{1D2B8361-0900-4AEB-88A8-ABD5342978B2}.Debug|Any CPU.Build.0 = Debug|Any CPU
		{1D2B8361-0900-4AEB-88A8-ABD5342978B2}.Release|Any CPU.ActiveCfg = Release|Any CPU
		{1D2B8361-0900-4AEB-88A8-ABD5342978B2}.Release|Any CPU.Build.0 = Release|Any CPU
	EndGlobalSection
	GlobalSection(SolutionProperties) = preSolution
		HideSolutionNode = FALSE
	EndGlobalSection
	GlobalSection(NestedProjects) = preSolution
		{AFF953BA-EDA1-4BCE-BFEA-A9838BB8E538} = {02EA681E-C7D8-13C7-8484-4AC65E1B71E8}
		{6AC96A95-262F-4E3D-98E9-C16BBF7E5CFA} = {02EA681E-C7D8-13C7-8484-4AC65E1B71E8}
		{D5E4DAE2-4036-443D-9B97-11676C64EFD6} = {02EA681E-C7D8-13C7-8484-4AC65E1B71E8}
		{F49D369A-1CE3-4585-B2A5-4E02F22C0969} = {02EA681E-C7D8-13C7-8484-4AC65E1B71E8}
		{1D2B8361-0900-4AEB-88A8-ABD5342978B2} = {02EA681E-C7D8-13C7-8484-4AC65E1B71E8}
	EndGlobalSection
	GlobalSection(ExtensibilityGlobals) = postSolution
		SolutionGuid = {E21C705C-A330-44EA-8A8F-22018B0E8B41}
	EndGlobalSection
EndGlobal
